
Microsoft Visual Studio Solution File, Format Version 12.00
Project("{FAE04EC0-301F-11D3-BF4B-00C04F79EFBC}") = "RubikCubeApi", "RubikCubeApi\RubikCubeApi.csproj", "{862B5907-8CEE-4F0B-B5DB-DC8DD2F4CB69}"
EndProject
Project("{FAE04EC0-301F-11D3-BF4B-00C04F79EFBC}") = "RubikCubeTests", "RubikCubeTests\RubikCubeTests.csproj", "{B43B2876-F8A8-41A6-B861-64764BE3C9C9}"
EndProject
Global
	GlobalSection(SolutionConfigurationPlatforms) = preSolution
		Debug|Any CPU = Debug|Any CPU
		Release|Any CPU = Release|Any CPU
	EndGlobalSection
	GlobalSection(ProjectConfigurationPlatforms) = postSolution
		{862B5907-8CEE-4F0B-B5DB-DC8DD2F4CB69}.Debug|Any CPU.ActiveCfg = Debug|Any CPU
		{862B5907-8CEE-4F0B-B5DB-DC8DD2F4CB69}.Debug|Any CPU.Build.0 = Debug|Any CPU
		{862B5907-8CEE-4F0B-B5DB-DC8DD2F4CB69}.Release|Any CPU.ActiveCfg = Release|Any CPU
		{862B5907-8CEE-4F0B-B5DB-DC8DD2F4CB69}.Release|Any CPU.Build.0 = Release|Any CPU
		{B43B2876-F8A8-41A6-B861-64764BE3C9C9}.Debug|Any CPU.ActiveCfg = Debug|Any CPU
		{B43B2876-F8A8-41A6-B861-64764BE3C9C9}.Debug|Any CPU.Build.0 = Debug|Any CPU
		{B43B2876-F8A8-41A6-B861-64764BE3C9C9}.Release|Any CPU.ActiveCfg = Release|Any CPU
		{B43B2876-F8A8-41A6-B861-64764BE3C9C9}.Release|Any CPU.Build.0 = Release|Any CPU
	EndGlobalSection
EndGlobal
